# THIS IS AN AUTOGENERATED FILE. DO NOT EDIT THIS FILE DIRECTLY.
# yarn lockfile v1


lodash@3.10.0:
  version "3.10.0"
  resolved "https://registry.yarnpkg.com/lodash/-/lodash-3.10.0.tgz#93d51c672828a4416a12af57220ba8a8737e2fbb"
  integrity sha1-k9UcZygopEFqEq9XIguoqHN+L7s=

moment@^2.29.1:
  version "2.29.1"
  resolved "https://registry.yarnpkg.com/moment/-/moment-2.29.1.tgz#b2be769fa31940be9eeea6469c075e35006fa3d3"
  integrity sha512-kHmoybcPV8Sqy59DwNDY3Jefr64lK/by/da0ViFcuA4DH0vQg5Q6Ze5VimxkfQNSC+Mls/Kx53s7TjP1RhFEDQ==

waterline-sequel-snowflake@^0.1.2:
  version "0.1.2"
  resolved "https://registry.yarnpkg.com/waterline-sequel-snowflake/-/waterline-sequel-snowflake-0.1.2.tgz#3c53680775b125fa406e0c84f8307ee6b4458589"
  integrity sha512-aQQ79FcgwVY2vz7tiOuYD55DGW/uGYgBbfvdyODP1PdyrTqc8/nXvmKUGxBJE2ReepJHaHVSQK+mUiPXFzQQdQ==
  dependencies:
    lodash "3.10.0"
