# THIS IS AN AUTOGENERATED FILE. DO NOT EDIT THIS FILE DIRECTLY.
# yarn lockfile v1


waterline-sequel-snowflake@^0.1.0:
  version "0.1.0"
  resolved "https://registry.yarnpkg.com/waterline-sequel-snowflake/-/waterline-sequel-snowflake-0.1.0.tgz#2dfde554c54048061cb648765031ece27f7629b8"
  integrity sha512-V9Wcm0sHuEaztYXdhfuVfX5bkx9LXiPOHEBTXnWGLqPjoOoZnjPsVKobtHf266UQh4tiK539wRy99bbRV9Ftig==
